<?xml version="1.0" encoding="UTF-8" standalone="yes" ?>
<CodeBlocks_project_file>
	<FileVersion major="1" minor="6" />
	<Project>
		<Option title="project" />
		<Option pch_mode="2" />
		<Option compiler="gcc" />
		<Build>
			<Target title="Debug">
				<Option output="bin\Debug\project" prefix_auto="1" extension_auto="1" />
				<Option object_output="obj\Debug\" />
				<Option type="1" />
				<Option compiler="gcc" />
				<Compiler>
					<Add option="-g" />
				</Compiler>
			</Target>
		</Build>
		<Compiler>
			<Add option="-Wall" />
		</Compiler>
		<Unit filename="..\..\..\..\..\..\rt-thread-svn\trunk\include\rtdebug.h" />
		<Unit filename="..\..\..\..\..\..\rt-thread-svn\trunk\include\rtdef.h" />
		<Unit filename="..\..\..\..\..\..\rt-thread-svn\trunk\include\rthw.h" />
		<Unit filename="..\..\..\..\..\..\rt-thread-svn\trunk\include\rtm.h" />
		<Unit filename="..\..\..\..\..\..\rt-thread-svn\trunk\include\rtservice.h" />
		<Unit filename="..\..\..\..\..\..\rt-thread-svn\trunk\include\rtthread.h" />
		<Unit filename="..\..\STM32F4xx_Libraries\CMSIS\Include\arm_common_tables.h" />
		<Unit filename="..\..\STM32F4xx_Libraries\CMSIS\Include\arm_math.h" />
		<Unit filename="..\..\STM32F4xx_Libraries\CMSIS\Include\core_cm0.h" />
		<Unit filename="..\..\STM32F4xx_Libraries\CMSIS\Include\core_cm3.h" />
		<Unit filename="..\..\STM32F4xx_Libraries\CMSIS\Include\core_cm4.h" />
		<Unit filename="..\..\STM32F4xx_Libraries\CMSIS\Include\core_cm4_simd.h" />
		<Unit filename="..\..\STM32F4xx_Libraries\CMSIS\Include\core_cmFunc.h" />
		<Unit filename="..\..\STM32F4xx_Libraries\CMSIS\Include\core_cmInstr.h" />
		<Unit filename="..\..\STM32F4xx_Libraries\CMSIS\ST\STM32F4xx\Include\stm32f4xx.h" />
		<Unit filename="..\..\STM32F4xx_Libraries\CMSIS\ST\STM32F4xx\Include\system_stm32f4xx.h" />
		<Unit filename="..\..\STM32F4xx_Libraries\CMSIS\ST\STM32F4xx\Source\Templates\TASKING\cstart_thumb2.asm" />
		<Unit filename="..\..\STM32F4xx_Libraries\CMSIS\ST\STM32F4xx\Source\Templates\TrueSTUDIO\startup_stm32f4xx.s" />
		<Unit filename="..\..\STM32F4xx_Libraries\CMSIS\ST\STM32F4xx\Source\Templates\arm\startup_stm32f4xx.s" />
		<Unit filename="..\..\STM32F4xx_Libraries\CMSIS\ST\STM32F4xx\Source\Templates\gcc_ride7\startup_stm32f4xx.s" />
		<Unit filename="..\..\STM32F4xx_Libraries\CMSIS\ST\STM32F4xx\Source\Templates\iar\startup_stm32f4xx.s" />
		<Unit filename="..\..\STM32F4xx_Libraries\CMSIS\ST\STM32F4xx\Source\Templates\system_stm32f4xx.c">
			<Option compilerVar="CC" />
		</Unit>
		<Unit filename="..\..\STM32F4xx_Libraries\STM32F4xx_StdPeriph_Driver\inc\misc.h" />
		<Unit filename="..\..\STM32F4xx_Libraries\STM32F4xx_StdPeriph_Driver\inc\stm32f4xx_adc.h" />
		<Unit filename="..\..\STM32F4xx_Libraries\STM32F4xx_StdPeriph_Driver\inc\stm32f4xx_can.h" />
		<Unit filename="..\..\STM32F4xx_Libraries\STM32F4xx_StdPeriph_Driver\inc\stm32f4xx_crc.h" />
		<Unit filename="..\..\STM32F4xx_Libraries\STM32F4xx_StdPeriph_Driver\inc\stm32f4xx_cryp.h" />
		<Unit filename="..\..\STM32F4xx_Libraries\STM32F4xx_StdPeriph_Driver\inc\stm32f4xx_dac.h" />
		<Unit filename="..\..\STM32F4xx_Libraries\STM32F4xx_StdPeriph_Driver\inc\stm32f4xx_dbgmcu.h" />
		<Unit filename="..\..\STM32F4xx_Libraries\STM32F4xx_StdPeriph_Driver\inc\stm32f4xx_dcmi.h" />
		<Unit filename="..\..\STM32F4xx_Libraries\STM32F4xx_StdPeriph_Driver\inc\stm32f4xx_dma.h" />
		<Unit filename="..\..\STM32F4xx_Libraries\STM32F4xx_StdPeriph_Driver\inc\stm32f4xx_exti.h" />
		<Unit filename="..\..\STM32F4xx_Libraries\STM32F4xx_StdPeriph_Driver\inc\stm32f4xx_flash.h" />
		<Unit filename="..\..\STM32F4xx_Libraries\STM32F4xx_StdPeriph_Driver\inc\stm32f4xx_fsmc.h" />
		<Unit filename="..\..\STM32F4xx_Libraries\STM32F4xx_StdPeriph_Driver\inc\stm32f4xx_gpio.h" />
		<Unit filename="..\..\STM32F4xx_Libraries\STM32F4xx_StdPeriph_Driver\inc\stm32f4xx_hash.h" />
		<Unit filename="..\..\STM32F4xx_Libraries\STM32F4xx_StdPeriph_Driver\inc\stm32f4xx_i2c.h" />
		<Unit filename="..\..\STM32F4xx_Libraries\STM32F4xx_StdPeriph_Driver\inc\stm32f4xx_iwdg.h" />
		<Unit filename="..\..\STM32F4xx_Libraries\STM32F4xx_StdPeriph_Driver\inc\stm32f4xx_pwr.h" />
		<Unit filename="..\..\STM32F4xx_Libraries\STM32F4xx_StdPeriph_Driver\inc\stm32f4xx_rcc.h" />
		<Unit filename="..\..\STM32F4xx_Libraries\STM32F4xx_StdPeriph_Driver\inc\stm32f4xx_rng.h" />
		<Unit filename="..\..\STM32F4xx_Libraries\STM32F4xx_StdPeriph_Driver\inc\stm32f4xx_rtc.h" />
		<Unit filename="..\..\STM32F4xx_Libraries\STM32F4xx_StdPeriph_Driver\inc\stm32f4xx_sdio.h" />
		<Unit filename="..\..\STM32F4xx_Libraries\STM32F4xx_StdPeriph_Driver\inc\stm32f4xx_spi.h" />
		<Unit filename="..\..\STM32F4xx_Libraries\STM32F4xx_StdPeriph_Driver\inc\stm32f4xx_syscfg.h" />
		<Unit filename="..\..\STM32F4xx_Libraries\STM32F4xx_StdPeriph_Driver\inc\stm32f4xx_tim.h" />
		<Unit filename="..\..\STM32F4xx_Libraries\STM32F4xx_StdPeriph_Driver\inc\stm32f4xx_usart.h" />
		<Unit filename="..\..\STM32F4xx_Libraries\STM32F4xx_StdPeriph_Driver\inc\stm32f4xx_wwdg.h" />
		<Unit filename="..\..\STM32F4xx_Libraries\STM32F4xx_StdPeriph_Driver\src\misc.c">
			<Option compilerVar="CC" />
		</Unit>
		<Unit filename="..\..\STM32F4xx_Libraries\STM32F4xx_StdPeriph_Driver\src\stm32f4xx_adc.c">
			<Option compilerVar="CC" />
		</Unit>
		<Unit filename="..\..\STM32F4xx_Libraries\STM32F4xx_StdPeriph_Driver\src\stm32f4xx_can.c">
			<Option compilerVar="CC" />
		</Unit>
		<Unit filename="..\..\STM32F4xx_Libraries\STM32F4xx_StdPeriph_Driver\src\stm32f4xx_crc.c">
			<Option compilerVar="CC" />
		</Unit>
		<Unit filename="..\..\STM32F4xx_Libraries\STM32F4xx_StdPeriph_Driver\src\stm32f4xx_cryp.c">
			<Option compilerVar="CC" />
		</Unit>
		<Unit filename="..\..\STM32F4xx_Libraries\STM32F4xx_StdPeriph_Driver\src\stm32f4xx_cryp_aes.c">
			<Option compilerVar="CC" />
		</Unit>
		<Unit filename="..\..\STM32F4xx_Libraries\STM32F4xx_StdPeriph_Driver\src\stm32f4xx_cryp_des.c">
			<Option compilerVar="CC" />
		</Unit>
		<Unit filename="..\..\STM32F4xx_Libraries\STM32F4xx_StdPeriph_Driver\src\stm32f4xx_cryp_tdes.c">
			<Option compilerVar="CC" />
		</Unit>
		<Unit filename="..\..\STM32F4xx_Libraries\STM32F4xx_StdPeriph_Driver\src\stm32f4xx_dac.c">
			<Option compilerVar="CC" />
		</Unit>
		<Unit filename="..\..\STM32F4xx_Libraries\STM32F4xx_StdPeriph_Driver\src\stm32f4xx_dbgmcu.c">
			<Option compilerVar="CC" />
		</Unit>
		<Unit filename="..\..\STM32F4xx_Libraries\STM32F4xx_StdPeriph_Driver\src\stm32f4xx_dcmi.c">
			<Option compilerVar="CC" />
		</Unit>
		<Unit filename="..\..\STM32F4xx_Libraries\STM32F4xx_StdPeriph_Driver\src\stm32f4xx_dma.c">
			<Option compilerVar="CC" />
		</Unit>
		<Unit filename="..\..\STM32F4xx_Libraries\STM32F4xx_StdPeriph_Driver\src\stm32f4xx_exti.c">
			<Option compilerVar="CC" />
		</Unit>
		<Unit filename="..\..\STM32F4xx_Libraries\STM32F4xx_StdPeriph_Driver\src\stm32f4xx_flash.c">
			<Option compilerVar="CC" />
		</Unit>
		<Unit filename="..\..\STM32F4xx_Libraries\STM32F4xx_StdPeriph_Driver\src\stm32f4xx_fsmc.c">
			<Option compilerVar="CC" />
		</Unit>
		<Unit filename="..\..\STM32F4xx_Libraries\STM32F4xx_StdPeriph_Driver\src\stm32f4xx_gpio.c">
			<Option compilerVar="CC" />
		</Unit>
		<Unit filename="..\..\STM32F4xx_Libraries\STM32F4xx_StdPeriph_Driver\src\stm32f4xx_hash.c">
			<Option compilerVar="CC" />
		</Unit>
		<Unit filename="..\..\STM32F4xx_Libraries\STM32F4xx_StdPeriph_Driver\src\stm32f4xx_hash_md5.c">
			<Option compilerVar="CC" />
		</Unit>
		<Unit filename="..\..\STM32F4xx_Libraries\STM32F4xx_StdPeriph_Driver\src\stm32f4xx_hash_sha1.c">
			<Option compilerVar="CC" />
		</Unit>
		<Unit filename="..\..\STM32F4xx_Libraries\STM32F4xx_StdPeriph_Driver\src\stm32f4xx_i2c.c">
			<Option compilerVar="CC" />
		</Unit>
		<Unit filename="..\..\STM32F4xx_Libraries\STM32F4xx_StdPeriph_Driver\src\stm32f4xx_iwdg.c">
			<Option compilerVar="CC" />
		</Unit>
		<Unit filename="..\..\STM32F4xx_Libraries\STM32F4xx_StdPeriph_Driver\src\stm32f4xx_pwr.c">
			<Option compilerVar="CC" />
		</Unit>
		<Unit filename="..\..\STM32F4xx_Libraries\STM32F4xx_StdPeriph_Driver\src\stm32f4xx_rcc.c">
			<Option compilerVar="CC" />
		</Unit>
		<Unit filename="..\..\STM32F4xx_Libraries\STM32F4xx_StdPeriph_Driver\src\stm32f4xx_rng.c">
			<Option compilerVar="CC" />
		</Unit>
		<Unit filename="..\..\STM32F4xx_Libraries\STM32F4xx_StdPeriph_Driver\src\stm32f4xx_rtc.c">
			<Option compilerVar="CC" />
		</Unit>
		<Unit filename="..\..\STM32F4xx_Libraries\STM32F4xx_StdPeriph_Driver\src\stm32f4xx_sdio.c">
			<Option compilerVar="CC" />
		</Unit>
		<Unit filename="..\..\STM32F4xx_Libraries\STM32F4xx_StdPeriph_Driver\src\stm32f4xx_spi.c">
			<Option compilerVar="CC" />
		</Unit>
		<Unit filename="..\..\STM32F4xx_Libraries\STM32F4xx_StdPeriph_Driver\src\stm32f4xx_syscfg.c">
			<Option compilerVar="CC" />
		</Unit>
		<Unit filename="..\..\STM32F4xx_Libraries\STM32F4xx_StdPeriph_Driver\src\stm32f4xx_tim.c">
			<Option compilerVar="CC" />
		</Unit>
		<Unit filename="..\..\STM32F4xx_Libraries\STM32F4xx_StdPeriph_Driver\src\stm32f4xx_usart.c">
			<Option compilerVar="CC" />
		</Unit>
		<Unit filename="..\..\STM32F4xx_Libraries\STM32F4xx_StdPeriph_Driver\src\stm32f4xx_wwdg.c">
			<Option compilerVar="CC" />
		</Unit>
		<Unit filename="..\..\drivers\K9F2G08U0X.c">
			<Option compilerVar="CC" />
		</Unit>
		<Unit filename="..\..\drivers\K9F2G08U0X.h" />
		<Unit filename="..\..\drivers\board.c">
			<Option compilerVar="CC" />
		</Unit>
		<Unit filename="..\..\drivers\board.h" />
		<Unit filename="..\..\drivers\codec_wm8978_i2c.c">
			<Option compilerVar="CC" />
		</Unit>
		<Unit filename="..\..\drivers\codec_wm8978_i2c.h" />
		<Unit filename="..\..\drivers\ext_sram.c">
			<Option compilerVar="CC" />
		</Unit>
		<Unit filename="..\..\drivers\key.c">
			<Option compilerVar="CC" />
		</Unit>
		<Unit filename="..\..\drivers\platform.c">
			<Option compilerVar="CC" />
		</Unit>
		<Unit filename="..\..\drivers\ra8875.c">
			<Option compilerVar="CC" />
		</Unit>
		<Unit filename="..\..\drivers\ra8875.h" />
		<Unit filename="..\..\drivers\sdio_sd.c">
			<Option compilerVar="CC" />
		</Unit>
		<Unit filename="..\..\drivers\sdio_sd.h" />
		<Unit filename="..\..\drivers\serial.c">
			<Option compilerVar="CC" />
		</Unit>
		<Unit filename="..\..\drivers\serial.h" />
		<Unit filename="..\..\drivers\spi_flash_w25qxx.c">
			<Option compilerVar="CC" />
		</Unit>
		<Unit filename="..\..\drivers\spi_flash_w25qxx.h" />
		<Unit filename="..\..\drivers\stm32_i2c.c">
			<Option compilerVar="CC" />
		</Unit>
		<Unit filename="..\..\drivers\stm32f20x_40x_spi.c">
			<Option compilerVar="CC" />
		</Unit>
		<Unit filename="..\..\drivers\stm32f20x_40x_spi.h" />
		<Unit filename="..\..\drivers\stm32f4_rtc.c">
			<Option compilerVar="CC" />
		</Unit>
		<Unit filename="..\..\drivers\stm32f4_rtc.h" />
		<Unit filename="..\..\drivers\stm32f4xx_conf.h" />
		<Unit filename="..\..\drivers\stm32f4xx_eth.c">
			<Option compilerVar="CC" />
		</Unit>
		<Unit filename="..\..\drivers\stm32f4xx_eth.h" />
		<Unit filename="..\..\drivers\stm32f4xx_it.c">
			<Option compilerVar="CC" />
		</Unit>
		<Unit filename="..\..\drivers\touch.c">
			<Option compilerVar="CC" />
		</Unit>
		<Unit filename="..\..\drivers\touch.h" />
		<Unit filename="..\..\drivers\usart.c">
			<Option compilerVar="CC" />
		</Unit>
		<Unit filename="..\..\drivers\usart.h" />
		<Unit filename="applications\application.c">
			<Option compilerVar="CC" />
		</Unit>
		<Unit filename="applications\fsmc_nand.c">
			<Option compilerVar="CC" />
		</Unit>
		<Unit filename="applications\fsmc_nand.h" />
		<Unit filename="applications\startup.c">
			<Option compilerVar="CC" />
		</Unit>
		<Unit filename="rtconfig.h" />
		<Extensions>
			<code_completion />
			<envvars />
			<debugger />
			<lib_finder disable_auto="1" />
		</Extensions>
	</Project>
</CodeBlocks_project_file>
